
Microsoft Visual Studio Solution File, Format Version 12.00
# Visual Studio Version 17
VisualStudioVersion = 17.6.33723.286
MinimumVisualStudioVersion = 10.0.40219.1
Project("{9A19103F-16F7-4668-BE54-9A1E7A4F7556}") = "MB04", "MB04\MB04.csproj", "{B956B1E9-59E2-488A-9733-FC0E61C0B4B0}"
EndProject
Project("{9A19103F-16F7-4668-BE54-9A1E7A4F7556}") = "MB05", "MB05\MB05.csproj", "{00838387-DA4A-44CF-914D-0592218959C7}"
EndProject
Project("{9A19103F-16F7-4668-BE54-9A1E7A4F7556}") = "MB06", "MB06\MB06.csproj", "{E8C24FA6-A6CF-428B-BCA8-7964A966B2C3}"
EndProject
Project("{9A19103F-16F7-4668-BE54-9A1E7A4F7556}") = "MB07", "MB07\MB07.csproj", "{B2C5B62F-629D-476A-821A-7A02D1890003}"
EndProject
Project("{9A19103F-16F7-4668-BE54-9A1E7A4F7556}") = "MB10", "MB10\MB10.csproj", "{395002EB-314F-4BDB-AB04-F009A8A7E0A0}"
EndProject
Project("{9A19103F-16F7-4668-BE54-9A1E7A4F7556}") = "MB12", "MB12\MB12.csproj", "{FC91BA79-E68C-4899-B027-ACE17A83FCFE}"
EndProject
Project("{9A19103F-16F7-4668-BE54-9A1E7A4F7556}") = "MB11", "MB11\MB11.csproj", "{34D61844-BE20-4EB5-85A1-41D7A5CD3550}"
EndProject
Project("{9A19103F-16F7-4668-BE54-9A1E7A4F7556}") = "MB09", "MB09\MB09.csproj", "{19E01CF4-CB98-45B9-9A26-05F8234C6B20}"
EndProject
Project("{9A19103F-16F7-4668-BE54-9A1E7A4F7556}") = "MB08", "MB08\MB08.csproj", "{0FEF5970-07B0-4BF0-A9FE-DA42E420CB6A}"
EndProject
Project("{FAE04EC0-301F-11D3-BF4B-00C04F79EFBC}") = "MB03", "MB03\MB03.csproj", "{CFA01321-EBAD-4515-A983-991DFEE24EF1}"
EndProject
Project("{FAE04EC0-301F-11D3-BF4B-00C04F79EFBC}") = "MB02", "MB02\MB02.csproj", "{58C80300-9FA2-46D7-BC5A-215993DC72B8}"
EndProject
Project("{FAE04EC0-301F-11D3-BF4B-00C04F79EFBC}") = "MB01", "MB01\MB01.csproj", "{BE464019-50AF-4E3C-B500-7FA5AAB752D2}"
EndProject
Global
	GlobalSection(SolutionConfigurationPlatforms) = preSolution
		Debug|Any CPU = Debug|Any CPU
		Release|Any CPU = Release|Any CPU
	EndGlobalSection
	GlobalSection(ProjectConfigurationPlatforms) = postSolution
		{B956B1E9-59E2-488A-9733-FC0E61C0B4B0}.Debug|Any CPU.ActiveCfg = Debug|Any CPU
		{B956B1E9-59E2-488A-9733-FC0E61C0B4B0}.Debug|Any CPU.Build.0 = Debug|Any CPU
		{B956B1E9-59E2-488A-9733-FC0E61C0B4B0}.Release|Any CPU.ActiveCfg = Release|Any CPU
		{B956B1E9-59E2-488A-9733-FC0E61C0B4B0}.Release|Any CPU.Build.0 = Release|Any CPU
		{00838387-DA4A-44CF-914D-0592218959C7}.Debug|Any CPU.ActiveCfg = Debug|Any CPU
		{00838387-DA4A-44CF-914D-0592218959C7}.Debug|Any CPU.Build.0 = Debug|Any CPU
		{00838387-DA4A-44CF-914D-0592218959C7}.Release|Any CPU.ActiveCfg = Release|Any CPU
		{00838387-DA4A-44CF-914D-0592218959C7}.Release|Any CPU.Build.0 = Release|Any CPU
		{E8C24FA6-A6CF-428B-BCA8-7964A966B2C3}.Debug|Any CPU.ActiveCfg = Debug|Any CPU
		{E8C24FA6-A6CF-428B-BCA8-7964A966B2C3}.Debug|Any CPU.Build.0 = Debug|Any CPU
		{E8C24FA6-A6CF-428B-BCA8-7964A966B2C3}.Release|Any CPU.ActiveCfg = Release|Any CPU
		{E8C24FA6-A6CF-428B-BCA8-7964A966B2C3}.Release|Any CPU.Build.0 = Release|Any CPU
		{B2C5B62F-629D-476A-821A-7A02D1890003}.Debug|Any CPU.ActiveCfg = Debug|Any CPU
		{B2C5B62F-629D-476A-821A-7A02D1890003}.Debug|Any CPU.Build.0 = Debug|Any CPU
		{B2C5B62F-629D-476A-821A-7A02D1890003}.Release|Any CPU.ActiveCfg = Release|Any CPU
		{B2C5B62F-629D-476A-821A-7A02D1890003}.Release|Any CPU.Build.0 = Release|Any CPU
		{395002EB-314F-4BDB-AB04-F009A8A7E0A0}.Debug|Any CPU.ActiveCfg = Debug|Any CPU
		{395002EB-314F-4BDB-AB04-F009A8A7E0A0}.Debug|Any CPU.Build.0 = Debug|Any CPU
		{395002EB-314F-4BDB-AB04-F009A8A7E0A0}.Release|Any CPU.ActiveCfg = Release|Any CPU
		{395002EB-314F-4BDB-AB04-F009A8A7E0A0}.Release|Any CPU.Build.0 = Release|Any CPU
		{FC91BA79-E68C-4899-B027-ACE17A83FCFE}.Debug|Any CPU.ActiveCfg = Debug|Any CPU
		{FC91BA79-E68C-4899-B027-ACE17A83FCFE}.Debug|Any CPU.Build.0 = Debug|Any CPU
		{FC91BA79-E68C-4899-B027-ACE17A83FCFE}.Release|Any CPU.ActiveCfg = Release|Any CPU
		{FC91BA79-E68C-4899-B027-ACE17A83FCFE}.Release|Any CPU.Build.0 = Release|Any CPU
		{34D61844-BE20-4EB5-85A1-41D7A5CD3550}.Debug|Any CPU.ActiveCfg = Debug|Any CPU
		{34D61844-BE20-4EB5-85A1-41D7A5CD3550}.Debug|Any CPU.Build.0 = Debug|Any CPU
		{34D61844-BE20-4EB5-85A1-41D7A5CD3550}.Release|Any CPU.ActiveCfg = Release|Any CPU
		{34D61844-BE20-4EB5-85A1-41D7A5CD3550}.Release|Any CPU.Build.0 = Release|Any CPU
		{19E01CF4-CB98-45B9-9A26-05F8234C6B20}.Debug|Any CPU.ActiveCfg = Debug|Any CPU
		{19E01CF4-CB98-45B9-9A26-05F8234C6B20}.Debug|Any CPU.Build.0 = Debug|Any CPU
		{19E01CF4-CB98-45B9-9A26-05F8234C6B20}.Release|Any CPU.ActiveCfg = Release|Any CPU
		{19E01CF4-CB98-45B9-9A26-05F8234C6B20}.Release|Any CPU.Build.0 = Release|Any CPU
		{0FEF5970-07B0-4BF0-A9FE-DA42E420CB6A}.Debug|Any CPU.ActiveCfg = Debug|Any CPU
		{0FEF5970-07B0-4BF0-A9FE-DA42E420CB6A}.Debug|Any CPU.Build.0 = Debug|Any CPU
		{0FEF5970-07B0-4BF0-A9FE-DA42E420CB6A}.Release|Any CPU.ActiveCfg = Release|Any CPU
		{0FEF5970-07B0-4BF0-A9FE-DA42E420CB6A}.Release|Any CPU.Build.0 = Release|Any CPU
		{CFA01321-EBAD-4515-A983-991DFEE24EF1}.Debug|Any CPU.ActiveCfg = Debug|Any CPU
		{CFA01321-EBAD-4515-A983-991DFEE24EF1}.Debug|Any CPU.Build.0 = Debug|Any CPU
		{CFA01321-EBAD-4515-A983-991DFEE24EF1}.Release|Any CPU.ActiveCfg = Release|Any CPU
		{CFA01321-EBAD-4515-A983-991DFEE24EF1}.Release|Any CPU.Build.0 = Release|Any CPU
		{58C80300-9FA2-46D7-BC5A-215993DC72B8}.Debug|Any CPU.ActiveCfg = Debug|Any CPU
		{58C80300-9FA2-46D7-BC5A-215993DC72B8}.Debug|Any CPU.Build.0 = Debug|Any CPU
		{58C80300-9FA2-46D7-BC5A-215993DC72B8}.Release|Any CPU.ActiveCfg = Release|Any CPU
		{58C80300-9FA2-46D7-BC5A-215993DC72B8}.Release|Any CPU.Build.0 = Release|Any CPU
		{BE464019-50AF-4E3C-B500-7FA5AAB752D2}.Debug|Any CPU.ActiveCfg = Debug|Any CPU
		{BE464019-50AF-4E3C-B500-7FA5AAB752D2}.Debug|Any CPU.Build.0 = Debug|Any CPU
		{BE464019-50AF-4E3C-B500-7FA5AAB752D2}.Release|Any CPU.ActiveCfg = Release|Any CPU
		{BE464019-50AF-4E3C-B500-7FA5AAB752D2}.Release|Any CPU.Build.0 = Release|Any CPU
	EndGlobalSection
	GlobalSection(SolutionProperties) = preSolution
		HideSolutionNode = FALSE
	EndGlobalSection
	GlobalSection(ExtensibilityGlobals) = postSolution
		SolutionGuid = {F15B73CE-841F-4749-8B00-4609CA4A52D2}
	EndGlobalSection
EndGlobal
